
Microsoft Visual Studio Solution File, Format Version 12.00
# Visual Studio Version 17
VisualStudioVersion = 17.0.31912.275
MinimumVisualStudioVersion = 10.0.40219.1
Project("{9A19103F-16F7-4668-BE54-9A1E7A4F7556}") = "Konso.Clients.Messaging", "src\Konso.Clients.Messaging.csproj", "{083F1EEA-B925-41DC-B4F5-A2F922EF39B0}"
EndProject
Project("{9A19103F-16F7-4668-BE54-9A1E7A4F7556}") = "Konso.Clients.Messaging.Tests", "tests\Konso.Clients.Messagings.Tests\Konso.Clients.Messaging.Tests.csproj", "{1CF45DBB-7113-4D1C-86E9-5D59B6D06EBD}"
EndProject
Global
	GlobalSection(SolutionConfigurationPlatforms) = preSolution
		Debug|Any CPU = Debug|Any CPU
		Release|Any CPU = Release|Any CPU
	EndGlobalSection
	GlobalSection(ProjectConfigurationPlatforms) = postSolution
		{083F1EEA-B925-41DC-B4F5-A2F922EF39B0}.Debug|Any CPU.ActiveCfg = Debug|Any CPU
		{083F1EEA-B925-41DC-B4F5-A2F922EF39B0}.Debug|Any CPU.Build.0 = Debug|Any CPU
		{083F1EEA-B925-41DC-B4F5-A2F922EF39B0}.Release|Any CPU.ActiveCfg = Release|Any CPU
		{083F1EEA-B925-41DC-B4F5-A2F922EF39B0}.Release|Any CPU.Build.0 = Release|Any CPU
		{1CF45DBB-7113-4D1C-86E9-5D59B6D06EBD}.Debug|Any CPU.ActiveCfg = Debug|Any CPU
		{1CF45DBB-7113-4D1C-86E9-5D59B6D06EBD}.Debug|Any CPU.Build.0 = Debug|Any CPU
		{1CF45DBB-7113-4D1C-86E9-5D59B6D06EBD}.Release|Any CPU.ActiveCfg = Release|Any CPU
		{1CF45DBB-7113-4D1C-86E9-5D59B6D06EBD}.Release|Any CPU.Build.0 = Release|Any CPU
	EndGlobalSection
	GlobalSection(SolutionProperties) = preSolution
		HideSolutionNode = FALSE
	EndGlobalSection
	GlobalSection(ExtensibilityGlobals) = postSolution
		SolutionGuid = {02DD4918-B24E-47D9-8BB8-9F21B1278D0F}
	EndGlobalSection
EndGlobal
